
Microsoft Visual Studio Solution File, Format Version 12.00
# Visual Studio 15
VisualStudioVersion = 15.0.27130.2036
MinimumVisualStudioVersion = 10.0.40219.1
Project("{FAE04EC0-301F-11D3-BF4B-00C04F79EFBC}") = "Data Access Layer", "Data Access Layer\Data Access Layer.csproj", "{6532DCC6-256B-4318-A6FD-95A89D1B2671}"
EndProject
Project("{FAE04EC0-301F-11D3-BF4B-00C04F79EFBC}") = "Data Generation", "Data Generation\Data Generation.csproj", "{78195C7C-8039-432D-8609-73B0CF1F8521}"
EndProject
Project("{FAE04EC0-301F-11D3-BF4B-00C04F79EFBC}") = "Mobile.Android", "Mobile\Mobile.Android\Mobile.Android.csproj", "{2501AD46-AF54-4D29-B6C6-3910082CB7EB}"
EndProject
Project("{9A19103F-16F7-4668-BE54-9A1E7A4F7556}") = "Mobile", "Mobile\Mobile\Mobile.csproj", "{C0D66FD0-27A0-4B2A-A831-D70ABD28BBF7}"
EndProject
Project("{FAE04EC0-301F-11D3-BF4B-00C04F79EFBC}") = "API", "API\API.csproj", "{E8F9EAB9-1E18-490B-942B-6C920E72B998}"
EndProject
Project("{FAE04EC0-301F-11D3-BF4B-00C04F79EFBC}") = "Business Component Layer", "Business Component Layer\Business Component Layer.csproj", "{8A19E56D-0B78-4475-B718-DFE4AD434168}"
EndProject
Project("{FAE04EC0-301F-11D3-BF4B-00C04F79EFBC}") = "Business Component Layer Test", "Business Component Layer Test\Business Component Layer Test.csproj", "{7B565FCA-0080-4479-A905-0CC7AE33DB43}"
EndProject
Project("{FAE04EC0-301F-11D3-BF4B-00C04F79EFBC}") = "Data Access Layer Test", "Data Access Layer Test\Data Access Layer Test.csproj", "{F8E1F0AE-9AD4-43B4-BD50-DDC8BCAC2810}"
EndProject
Global
	GlobalSection(SolutionConfigurationPlatforms) = preSolution
		Ad-Hoc|Any CPU = Ad-Hoc|Any CPU
		Ad-Hoc|iPhone = Ad-Hoc|iPhone
		Ad-Hoc|iPhoneSimulator = Ad-Hoc|iPhoneSimulator
		AppStore|Any CPU = AppStore|Any CPU
		AppStore|iPhone = AppStore|iPhone
		AppStore|iPhoneSimulator = AppStore|iPhoneSimulator
		Debug|Any CPU = Debug|Any CPU
		Debug|iPhone = Debug|iPhone
		Debug|iPhoneSimulator = Debug|iPhoneSimulator
		Release|Any CPU = Release|Any CPU
		Release|iPhone = Release|iPhone
		Release|iPhoneSimulator = Release|iPhoneSimulator
	EndGlobalSection
	GlobalSection(ProjectConfigurationPlatforms) = postSolution
		{6532DCC6-256B-4318-A6FD-95A89D1B2671}.Ad-Hoc|Any CPU.ActiveCfg = Release|Any CPU
		{6532DCC6-256B-4318-A6FD-95A89D1B2671}.Ad-Hoc|Any CPU.Build.0 = Release|Any CPU
		{6532DCC6-256B-4318-A6FD-95A89D1B2671}.Ad-Hoc|iPhone.ActiveCfg = Release|Any CPU
		{6532DCC6-256B-4318-A6FD-95A89D1B2671}.Ad-Hoc|iPhone.Build.0 = Release|Any CPU
		{6532DCC6-256B-4318-A6FD-95A89D1B2671}.Ad-Hoc|iPhoneSimulator.ActiveCfg = Release|Any CPU
		{6532DCC6-256B-4318-A6FD-95A89D1B2671}.Ad-Hoc|iPhoneSimulator.Build.0 = Release|Any CPU
		{6532DCC6-256B-4318-A6FD-95A89D1B2671}.AppStore|Any CPU.ActiveCfg = Release|Any CPU
		{6532DCC6-256B-4318-A6FD-95A89D1B2671}.AppStore|Any CPU.Build.0 = Release|Any CPU
		{6532DCC6-256B-4318-A6FD-95A89D1B2671}.AppStore|iPhone.ActiveCfg = Release|Any CPU
		{6532DCC6-256B-4318-A6FD-95A89D1B2671}.AppStore|iPhone.Build.0 = Release|Any CPU
		{6532DCC6-256B-4318-A6FD-95A89D1B2671}.AppStore|iPhoneSimulator.ActiveCfg = Release|Any CPU
		{6532DCC6-256B-4318-A6FD-95A89D1B2671}.AppStore|iPhoneSimulator.Build.0 = Release|Any CPU
		{6532DCC6-256B-4318-A6FD-95A89D1B2671}.Debug|Any CPU.ActiveCfg = Debug|Any CPU
		{6532DCC6-256B-4318-A6FD-95A89D1B2671}.Debug|Any CPU.Build.0 = Debug|Any CPU
		{6532DCC6-256B-4318-A6FD-95A89D1B2671}.Debug|iPhone.ActiveCfg = Debug|Any CPU
		{6532DCC6-256B-4318-A6FD-95A89D1B2671}.Debug|iPhone.Build.0 = Debug|Any CPU
		{6532DCC6-256B-4318-A6FD-95A89D1B2671}.Debug|iPhoneSimulator.ActiveCfg = Debug|Any CPU
		{6532DCC6-256B-4318-A6FD-95A89D1B2671}.Debug|iPhoneSimulator.Build.0 = Debug|Any CPU
		{6532DCC6-256B-4318-A6FD-95A89D1B2671}.Release|Any CPU.ActiveCfg = Release|Any CPU
		{6532DCC6-256B-4318-A6FD-95A89D1B2671}.Release|Any CPU.Build.0 = Release|Any CPU
		{6532DCC6-256B-4318-A6FD-95A89D1B2671}.Release|iPhone.ActiveCfg = Release|Any CPU
		{6532DCC6-256B-4318-A6FD-95A89D1B2671}.Release|iPhone.Build.0 = Release|Any CPU
		{6532DCC6-256B-4318-A6FD-95A89D1B2671}.Release|iPhoneSimulator.ActiveCfg = Release|Any CPU
		{6532DCC6-256B-4318-A6FD-95A89D1B2671}.Release|iPhoneSimulator.Build.0 = Release|Any CPU
		{78195C7C-8039-432D-8609-73B0CF1F8521}.Ad-Hoc|Any CPU.ActiveCfg = Release|Any CPU
		{78195C7C-8039-432D-8609-73B0CF1F8521}.Ad-Hoc|Any CPU.Build.0 = Release|Any CPU
		{78195C7C-8039-432D-8609-73B0CF1F8521}.Ad-Hoc|iPhone.ActiveCfg = Release|Any CPU
		{78195C7C-8039-432D-8609-73B0CF1F8521}.Ad-Hoc|iPhone.Build.0 = Release|Any CPU
		{78195C7C-8039-432D-8609-73B0CF1F8521}.Ad-Hoc|iPhoneSimulator.ActiveCfg = Release|Any CPU
		{78195C7C-8039-432D-8609-73B0CF1F8521}.Ad-Hoc|iPhoneSimulator.Build.0 = Release|Any CPU
		{78195C7C-8039-432D-8609-73B0CF1F8521}.AppStore|Any CPU.ActiveCfg = Release|Any CPU
		{78195C7C-8039-432D-8609-73B0CF1F8521}.AppStore|Any CPU.Build.0 = Release|Any CPU
		{78195C7C-8039-432D-8609-73B0CF1F8521}.AppStore|iPhone.ActiveCfg = Release|Any CPU
		{78195C7C-8039-432D-8609-73B0CF1F8521}.AppStore|iPhone.Build.0 = Release|Any CPU
		{78195C7C-8039-432D-8609-73B0CF1F8521}.AppStore|iPhoneSimulator.ActiveCfg = Release|Any CPU
		{78195C7C-8039-432D-8609-73B0CF1F8521}.AppStore|iPhoneSimulator.Build.0 = Release|Any CPU
		{78195C7C-8039-432D-8609-73B0CF1F8521}.Debug|Any CPU.ActiveCfg = Debug|Any CPU
		{78195C7C-8039-432D-8609-73B0CF1F8521}.Debug|Any CPU.Build.0 = Debug|Any CPU
		{78195C7C-8039-432D-8609-73B0CF1F8521}.Debug|iPhone.ActiveCfg = Debug|Any CPU
		{78195C7C-8039-432D-8609-73B0CF1F8521}.Debug|iPhone.Build.0 = Debug|Any CPU
		{78195C7C-8039-432D-8609-73B0CF1F8521}.Debug|iPhoneSimulator.ActiveCfg = Debug|Any CPU
		{78195C7C-8039-432D-8609-73B0CF1F8521}.Debug|iPhoneSimulator.Build.0 = Debug|Any CPU
		{78195C7C-8039-432D-8609-73B0CF1F8521}.Release|Any CPU.ActiveCfg = Release|Any CPU
		{78195C7C-8039-432D-8609-73B0CF1F8521}.Release|Any CPU.Build.0 = Release|Any CPU
		{78195C7C-8039-432D-8609-73B0CF1F8521}.Release|iPhone.ActiveCfg = Release|Any CPU
		{78195C7C-8039-432D-8609-73B0CF1F8521}.Release|iPhone.Build.0 = Release|Any CPU
		{78195C7C-8039-432D-8609-73B0CF1F8521}.Release|iPhoneSimulator.ActiveCfg = Release|Any CPU
		{78195C7C-8039-432D-8609-73B0CF1F8521}.Release|iPhoneSimulator.Build.0 = Release|Any CPU
		{2501AD46-AF54-4D29-B6C6-3910082CB7EB}.Ad-Hoc|Any CPU.ActiveCfg = Release|Any CPU
		{2501AD46-AF54-4D29-B6C6-3910082CB7EB}.Ad-Hoc|Any CPU.Build.0 = Release|Any CPU
		{2501AD46-AF54-4D29-B6C6-3910082CB7EB}.Ad-Hoc|Any CPU.Deploy.0 = Release|Any CPU
		{2501AD46-AF54-4D29-B6C6-3910082CB7EB}.Ad-Hoc|iPhone.ActiveCfg = Release|Any CPU
		{2501AD46-AF54-4D29-B6C6-3910082CB7EB}.Ad-Hoc|iPhone.Build.0 = Release|Any CPU
		{2501AD46-AF54-4D29-B6C6-3910082CB7EB}.Ad-Hoc|iPhone.Deploy.0 = Release|Any CPU
		{2501AD46-AF54-4D29-B6C6-3910082CB7EB}.Ad-Hoc|iPhoneSimulator.ActiveCfg = Release|Any CPU
		{2501AD46-AF54-4D29-B6C6-3910082CB7EB}.Ad-Hoc|iPhoneSimulator.Build.0 = Release|Any CPU
		{2501AD46-AF54-4D29-B6C6-3910082CB7EB}.Ad-Hoc|iPhoneSimulator.Deploy.0 = Release|Any CPU
		{2501AD46-AF54-4D29-B6C6-3910082CB7EB}.AppStore|Any CPU.ActiveCfg = Release|Any CPU
		{2501AD46-AF54-4D29-B6C6-3910082CB7EB}.AppStore|Any CPU.Build.0 = Release|Any CPU
		{2501AD46-AF54-4D29-B6C6-3910082CB7EB}.AppStore|Any CPU.Deploy.0 = Release|Any CPU
		{2501AD46-AF54-4D29-B6C6-3910082CB7EB}.AppStore|iPhone.ActiveCfg = Release|Any CPU
		{2501AD46-AF54-4D29-B6C6-3910082CB7EB}.AppStore|iPhone.Build.0 = Release|Any CPU
		{2501AD46-AF54-4D29-B6C6-3910082CB7EB}.AppStore|iPhone.Deploy.0 = Release|Any CPU
		{2501AD46-AF54-4D29-B6C6-3910082CB7EB}.AppStore|iPhoneSimulator.ActiveCfg = Release|Any CPU
		{2501AD46-AF54-4D29-B6C6-3910082CB7EB}.AppStore|iPhoneSimulator.Build.0 = Release|Any CPU
		{2501AD46-AF54-4D29-B6C6-3910082CB7EB}.AppStore|iPhoneSimulator.Deploy.0 = Release|Any CPU
		{2501AD46-AF54-4D29-B6C6-3910082CB7EB}.Debug|Any CPU.ActiveCfg = Debug|Any CPU
		{2501AD46-AF54-4D29-B6C6-3910082CB7EB}.Debug|Any CPU.Build.0 = Debug|Any CPU
		{2501AD46-AF54-4D29-B6C6-3910082CB7EB}.Debug|Any CPU.Deploy.0 = Debug|Any CPU
		{2501AD46-AF54-4D29-B6C6-3910082CB7EB}.Debug|iPhone.ActiveCfg = Debug|Any CPU
		{2501AD46-AF54-4D29-B6C6-3910082CB7EB}.Debug|iPhone.Build.0 = Debug|Any CPU
		{2501AD46-AF54-4D29-B6C6-3910082CB7EB}.Debug|iPhone.Deploy.0 = Debug|Any CPU
		{2501AD46-AF54-4D29-B6C6-3910082CB7EB}.Debug|iPhoneSimulator.ActiveCfg = Debug|Any CPU
		{2501AD46-AF54-4D29-B6C6-3910082CB7EB}.Debug|iPhoneSimulator.Build.0 = Debug|Any CPU
		{2501AD46-AF54-4D29-B6C6-3910082CB7EB}.Debug|iPhoneSimulator.Deploy.0 = Debug|Any CPU
		{2501AD46-AF54-4D29-B6C6-3910082CB7EB}.Release|Any CPU.ActiveCfg = Release|Any CPU
		{2501AD46-AF54-4D29-B6C6-3910082CB7EB}.Release|Any CPU.Build.0 = Release|Any CPU
		{2501AD46-AF54-4D29-B6C6-3910082CB7EB}.Release|Any CPU.Deploy.0 = Release|Any CPU
		{2501AD46-AF54-4D29-B6C6-3910082CB7EB}.Release|iPhone.ActiveCfg = Release|Any CPU
		{2501AD46-AF54-4D29-B6C6-3910082CB7EB}.Release|iPhone.Build.0 = Release|Any CPU
		{2501AD46-AF54-4D29-B6C6-3910082CB7EB}.Release|iPhone.Deploy.0 = Release|Any CPU
		{2501AD46-AF54-4D29-B6C6-3910082CB7EB}.Release|iPhoneSimulator.ActiveCfg = Release|Any CPU
		{2501AD46-AF54-4D29-B6C6-3910082CB7EB}.Release|iPhoneSimulator.Build.0 = Release|Any CPU
		{2501AD46-AF54-4D29-B6C6-3910082CB7EB}.Release|iPhoneSimulator.Deploy.0 = Release|Any CPU
		{C0D66FD0-27A0-4B2A-A831-D70ABD28BBF7}.Ad-Hoc|Any CPU.ActiveCfg = Debug|Any CPU
		{C0D66FD0-27A0-4B2A-A831-D70ABD28BBF7}.Ad-Hoc|Any CPU.Build.0 = Debug|Any CPU
		{C0D66FD0-27A0-4B2A-A831-D70ABD28BBF7}.Ad-Hoc|iPhone.ActiveCfg = Debug|Any CPU
		{C0D66FD0-27A0-4B2A-A831-D70ABD28BBF7}.Ad-Hoc|iPhone.Build.0 = Debug|Any CPU
		{C0D66FD0-27A0-4B2A-A831-D70ABD28BBF7}.Ad-Hoc|iPhoneSimulator.ActiveCfg = Debug|Any CPU
		{C0D66FD0-27A0-4B2A-A831-D70ABD28BBF7}.Ad-Hoc|iPhoneSimulator.Build.0 = Debug|Any CPU
		{C0D66FD0-27A0-4B2A-A831-D70ABD28BBF7}.AppStore|Any CPU.ActiveCfg = Debug|Any CPU
		{C0D66FD0-27A0-4B2A-A831-D70ABD28BBF7}.AppStore|Any CPU.Build.0 = Debug|Any CPU
		{C0D66FD0-27A0-4B2A-A831-D70ABD28BBF7}.AppStore|iPhone.ActiveCfg = Debug|Any CPU
		{C0D66FD0-27A0-4B2A-A831-D70ABD28BBF7}.AppStore|iPhone.Build.0 = Debug|Any CPU
		{C0D66FD0-27A0-4B2A-A831-D70ABD28BBF7}.AppStore|iPhoneSimulator.ActiveCfg = Debug|Any CPU
		{C0D66FD0-27A0-4B2A-A831-D70ABD28BBF7}.AppStore|iPhoneSimulator.Build.0 = Debug|Any CPU
		{C0D66FD0-27A0-4B2A-A831-D70ABD28BBF7}.Debug|Any CPU.ActiveCfg = Debug|Any CPU
		{C0D66FD0-27A0-4B2A-A831-D70ABD28BBF7}.Debug|Any CPU.Build.0 = Debug|Any CPU
		{C0D66FD0-27A0-4B2A-A831-D70ABD28BBF7}.Debug|iPhone.ActiveCfg = Debug|Any CPU
		{C0D66FD0-27A0-4B2A-A831-D70ABD28BBF7}.Debug|iPhone.Build.0 = Debug|Any CPU
		{C0D66FD0-27A0-4B2A-A831-D70ABD28BBF7}.Debug|iPhoneSimulator.ActiveCfg = Debug|Any CPU
		{C0D66FD0-27A0-4B2A-A831-D70ABD28BBF7}.Debug|iPhoneSimulator.Build.0 = Debug|Any CPU
		{C0D66FD0-27A0-4B2A-A831-D70ABD28BBF7}.Release|Any CPU.ActiveCfg = Release|Any CPU
		{C0D66FD0-27A0-4B2A-A831-D70ABD28BBF7}.Release|Any CPU.Build.0 = Release|Any CPU
		{C0D66FD0-27A0-4B2A-A831-D70ABD28BBF7}.Release|iPhone.ActiveCfg = Release|Any CPU
		{C0D66FD0-27A0-4B2A-A831-D70ABD28BBF7}.Release|iPhone.Build.0 = Release|Any CPU
		{C0D66FD0-27A0-4B2A-A831-D70ABD28BBF7}.Release|iPhoneSimulator.ActiveCfg = Release|Any CPU
		{C0D66FD0-27A0-4B2A-A831-D70ABD28BBF7}.Release|iPhoneSimulator.Build.0 = Release|Any CPU
		{E8F9EAB9-1E18-490B-942B-6C920E72B998}.Ad-Hoc|Any CPU.ActiveCfg = Release|Any CPU
		{E8F9EAB9-1E18-490B-942B-6C920E72B998}.Ad-Hoc|Any CPU.Build.0 = Release|Any CPU
		{E8F9EAB9-1E18-490B-942B-6C920E72B998}.Ad-Hoc|iPhone.ActiveCfg = Release|Any CPU
		{E8F9EAB9-1E18-490B-942B-6C920E72B998}.Ad-Hoc|iPhone.Build.0 = Release|Any CPU
		{E8F9EAB9-1E18-490B-942B-6C920E72B998}.Ad-Hoc|iPhoneSimulator.ActiveCfg = Release|Any CPU
		{E8F9EAB9-1E18-490B-942B-6C920E72B998}.Ad-Hoc|iPhoneSimulator.Build.0 = Release|Any CPU
		{E8F9EAB9-1E18-490B-942B-6C920E72B998}.AppStore|Any CPU.ActiveCfg = Release|Any CPU
		{E8F9EAB9-1E18-490B-942B-6C920E72B998}.AppStore|Any CPU.Build.0 = Release|Any CPU
		{E8F9EAB9-1E18-490B-942B-6C920E72B998}.AppStore|iPhone.ActiveCfg = Release|Any CPU
		{E8F9EAB9-1E18-490B-942B-6C920E72B998}.AppStore|iPhone.Build.0 = Release|Any CPU
		{E8F9EAB9-1E18-490B-942B-6C920E72B998}.AppStore|iPhoneSimulator.ActiveCfg = Release|Any CPU
		{E8F9EAB9-1E18-490B-942B-6C920E72B998}.AppStore|iPhoneSimulator.Build.0 = Release|Any CPU
		{E8F9EAB9-1E18-490B-942B-6C920E72B998}.Debug|Any CPU.ActiveCfg = Debug|Any CPU
		{E8F9EAB9-1E18-490B-942B-6C920E72B998}.Debug|Any CPU.Build.0 = Debug|Any CPU
		{E8F9EAB9-1E18-490B-942B-6C920E72B998}.Debug|iPhone.ActiveCfg = Debug|Any CPU
		{E8F9EAB9-1E18-490B-942B-6C920E72B998}.Debug|iPhone.Build.0 = Debug|Any CPU
		{E8F9EAB9-1E18-490B-942B-6C920E72B998}.Debug|iPhoneSimulator.ActiveCfg = Debug|Any CPU
		{E8F9EAB9-1E18-490B-942B-6C920E72B998}.Debug|iPhoneSimulator.Build.0 = Debug|Any CPU
		{E8F9EAB9-1E18-490B-942B-6C920E72B998}.Release|Any CPU.ActiveCfg = Release|Any CPU
		{E8F9EAB9-1E18-490B-942B-6C920E72B998}.Release|Any CPU.Build.0 = Release|Any CPU
		{E8F9EAB9-1E18-490B-942B-6C920E72B998}.Release|iPhone.ActiveCfg = Release|Any CPU
		{E8F9EAB9-1E18-490B-942B-6C920E72B998}.Release|iPhone.Build.0 = Release|Any CPU
		{E8F9EAB9-1E18-490B-942B-6C920E72B998}.Release|iPhoneSimulator.ActiveCfg = Release|Any CPU
		{E8F9EAB9-1E18-490B-942B-6C920E72B998}.Release|iPhoneSimulator.Build.0 = Release|Any CPU
		{8A19E56D-0B78-4475-B718-DFE4AD434168}.Ad-Hoc|Any CPU.ActiveCfg = Release|Any CPU
		{8A19E56D-0B78-4475-B718-DFE4AD434168}.Ad-Hoc|Any CPU.Build.0 = Release|Any CPU
		{8A19E56D-0B78-4475-B718-DFE4AD434168}.Ad-Hoc|iPhone.ActiveCfg = Release|Any CPU
		{8A19E56D-0B78-4475-B718-DFE4AD434168}.Ad-Hoc|iPhone.Build.0 = Release|Any CPU
		{8A19E56D-0B78-4475-B718-DFE4AD434168}.Ad-Hoc|iPhoneSimulator.ActiveCfg = Release|Any CPU
		{8A19E56D-0B78-4475-B718-DFE4AD434168}.Ad-Hoc|iPhoneSimulator.Build.0 = Release|Any CPU
		{8A19E56D-0B78-4475-B718-DFE4AD434168}.AppStore|Any CPU.ActiveCfg = Release|Any CPU
		{8A19E56D-0B78-4475-B718-DFE4AD434168}.AppStore|Any CPU.Build.0 = Release|Any CPU
		{8A19E56D-0B78-4475-B718-DFE4AD434168}.AppStore|iPhone.ActiveCfg = Release|Any CPU
		{8A19E56D-0B78-4475-B718-DFE4AD434168}.AppStore|iPhone.Build.0 = Release|Any CPU
		{8A19E56D-0B78-4475-B718-DFE4AD434168}.AppStore|iPhoneSimulator.ActiveCfg = Release|Any CPU
		{8A19E56D-0B78-4475-B718-DFE4AD434168}.AppStore|iPhoneSimulator.Build.0 = Release|Any CPU
		{8A19E56D-0B78-4475-B718-DFE4AD434168}.Debug|Any CPU.ActiveCfg = Debug|Any CPU
		{8A19E56D-0B78-4475-B718-DFE4AD434168}.Debug|Any CPU.Build.0 = Debug|Any CPU
		{8A19E56D-0B78-4475-B718-DFE4AD434168}.Debug|iPhone.ActiveCfg = Debug|Any CPU
		{8A19E56D-0B78-4475-B718-DFE4AD434168}.Debug|iPhone.Build.0 = Debug|Any CPU
		{8A19E56D-0B78-4475-B718-DFE4AD434168}.Debug|iPhoneSimulator.ActiveCfg = Debug|Any CPU
		{8A19E56D-0B78-4475-B718-DFE4AD434168}.Debug|iPhoneSimulator.Build.0 = Debug|Any CPU
		{8A19E56D-0B78-4475-B718-DFE4AD434168}.Release|Any CPU.ActiveCfg = Release|Any CPU
		{8A19E56D-0B78-4475-B718-DFE4AD434168}.Release|Any CPU.Build.0 = Release|Any CPU
		{8A19E56D-0B78-4475-B718-DFE4AD434168}.Release|iPhone.ActiveCfg = Release|Any CPU
		{8A19E56D-0B78-4475-B718-DFE4AD434168}.Release|iPhone.Build.0 = Release|Any CPU
		{8A19E56D-0B78-4475-B718-DFE4AD434168}.Release|iPhoneSimulator.ActiveCfg = Release|Any CPU
		{8A19E56D-0B78-4475-B718-DFE4AD434168}.Release|iPhoneSimulator.Build.0 = Release|Any CPU
		{7B565FCA-0080-4479-A905-0CC7AE33DB43}.Ad-Hoc|Any CPU.ActiveCfg = Release|Any CPU
		{7B565FCA-0080-4479-A905-0CC7AE33DB43}.Ad-Hoc|Any CPU.Build.0 = Release|Any CPU
		{7B565FCA-0080-4479-A905-0CC7AE33DB43}.Ad-Hoc|iPhone.ActiveCfg = Release|Any CPU
		{7B565FCA-0080-4479-A905-0CC7AE33DB43}.Ad-Hoc|iPhone.Build.0 = Release|Any CPU
		{7B565FCA-0080-4479-A905-0CC7AE33DB43}.Ad-Hoc|iPhoneSimulator.ActiveCfg = Release|Any CPU
		{7B565FCA-0080-4479-A905-0CC7AE33DB43}.Ad-Hoc|iPhoneSimulator.Build.0 = Release|Any CPU
		{7B565FCA-0080-4479-A905-0CC7AE33DB43}.AppStore|Any CPU.ActiveCfg = Release|Any CPU
		{7B565FCA-0080-4479-A905-0CC7AE33DB43}.AppStore|Any CPU.Build.0 = Release|Any CPU
		{7B565FCA-0080-4479-A905-0CC7AE33DB43}.AppStore|iPhone.ActiveCfg = Release|Any CPU
		{7B565FCA-0080-4479-A905-0CC7AE33DB43}.AppStore|iPhone.Build.0 = Release|Any CPU
		{7B565FCA-0080-4479-A905-0CC7AE33DB43}.AppStore|iPhoneSimulator.ActiveCfg = Release|Any CPU
		{7B565FCA-0080-4479-A905-0CC7AE33DB43}.AppStore|iPhoneSimulator.Build.0 = Release|Any CPU
		{7B565FCA-0080-4479-A905-0CC7AE33DB43}.Debug|Any CPU.ActiveCfg = Debug|Any CPU
		{7B565FCA-0080-4479-A905-0CC7AE33DB43}.Debug|Any CPU.Build.0 = Debug|Any CPU
		{7B565FCA-0080-4479-A905-0CC7AE33DB43}.Debug|iPhone.ActiveCfg = Debug|Any CPU
		{7B565FCA-0080-4479-A905-0CC7AE33DB43}.Debug|iPhone.Build.0 = Debug|Any CPU
		{7B565FCA-0080-4479-A905-0CC7AE33DB43}.Debug|iPhoneSimulator.ActiveCfg = Debug|Any CPU
		{7B565FCA-0080-4479-A905-0CC7AE33DB43}.Debug|iPhoneSimulator.Build.0 = Debug|Any CPU
		{7B565FCA-0080-4479-A905-0CC7AE33DB43}.Release|Any CPU.ActiveCfg = Release|Any CPU
		{7B565FCA-0080-4479-A905-0CC7AE33DB43}.Release|Any CPU.Build.0 = Release|Any CPU
		{7B565FCA-0080-4479-A905-0CC7AE33DB43}.Release|iPhone.ActiveCfg = Release|Any CPU
		{7B565FCA-0080-4479-A905-0CC7AE33DB43}.Release|iPhone.Build.0 = Release|Any CPU
		{7B565FCA-0080-4479-A905-0CC7AE33DB43}.Release|iPhoneSimulator.ActiveCfg = Release|Any CPU
		{7B565FCA-0080-4479-A905-0CC7AE33DB43}.Release|iPhoneSimulator.Build.0 = Release|Any CPU
		{F8E1F0AE-9AD4-43B4-BD50-DDC8BCAC2810}.Ad-Hoc|Any CPU.ActiveCfg = Release|Any CPU
		{F8E1F0AE-9AD4-43B4-BD50-DDC8BCAC2810}.Ad-Hoc|Any CPU.Build.0 = Release|Any CPU
		{F8E1F0AE-9AD4-43B4-BD50-DDC8BCAC2810}.Ad-Hoc|iPhone.ActiveCfg = Release|Any CPU
		{F8E1F0AE-9AD4-43B4-BD50-DDC8BCAC2810}.Ad-Hoc|iPhone.Build.0 = Release|Any CPU
		{F8E1F0AE-9AD4-43B4-BD50-DDC8BCAC2810}.Ad-Hoc|iPhoneSimulator.ActiveCfg = Release|Any CPU
		{F8E1F0AE-9AD4-43B4-BD50-DDC8BCAC2810}.Ad-Hoc|iPhoneSimulator.Build.0 = Release|Any CPU
		{F8E1F0AE-9AD4-43B4-BD50-DDC8BCAC2810}.AppStore|Any CPU.ActiveCfg = Release|Any CPU
		{F8E1F0AE-9AD4-43B4-BD50-DDC8BCAC2810}.AppStore|Any CPU.Build.0 = Release|Any CPU
		{F8E1F0AE-9AD4-43B4-BD50-DDC8BCAC2810}.AppStore|iPhone.ActiveCfg = Release|Any CPU
		{F8E1F0AE-9AD4-43B4-BD50-DDC8BCAC2810}.AppStore|iPhone.Build.0 = Release|Any CPU
		{F8E1F0AE-9AD4-43B4-BD50-DDC8BCAC2810}.AppStore|iPhoneSimulator.ActiveCfg = Release|Any CPU
		{F8E1F0AE-9AD4-43B4-BD50-DDC8BCAC2810}.AppStore|iPhoneSimulator.Build.0 = Release|Any CPU
		{F8E1F0AE-9AD4-43B4-BD50-DDC8BCAC2810}.Debug|Any CPU.ActiveCfg = Debug|Any CPU
		{F8E1F0AE-9AD4-43B4-BD50-DDC8BCAC2810}.Debug|Any CPU.Build.0 = Debug|Any CPU
		{F8E1F0AE-9AD4-43B4-BD50-DDC8BCAC2810}.Debug|iPhone.ActiveCfg = Debug|Any CPU
		{F8E1F0AE-9AD4-43B4-BD50-DDC8BCAC2810}.Debug|iPhone.Build.0 = Debug|Any CPU
		{F8E1F0AE-9AD4-43B4-BD50-DDC8BCAC2810}.Debug|iPhoneSimulator.ActiveCfg = Debug|Any CPU
		{F8E1F0AE-9AD4-43B4-BD50-DDC8BCAC2810}.Debug|iPhoneSimulator.Build.0 = Debug|Any CPU
		{F8E1F0AE-9AD4-43B4-BD50-DDC8BCAC2810}.Release|Any CPU.ActiveCfg = Release|Any CPU
		{F8E1F0AE-9AD4-43B4-BD50-DDC8BCAC2810}.Release|Any CPU.Build.0 = Release|Any CPU
		{F8E1F0AE-9AD4-43B4-BD50-DDC8BCAC2810}.Release|iPhone.ActiveCfg = Release|Any CPU
		{F8E1F0AE-9AD4-43B4-BD50-DDC8BCAC2810}.Release|iPhone.Build.0 = Release|Any CPU
		{F8E1F0AE-9AD4-43B4-BD50-DDC8BCAC2810}.Release|iPhoneSimulator.ActiveCfg = Release|Any CPU
		{F8E1F0AE-9AD4-43B4-BD50-DDC8BCAC2810}.Release|iPhoneSimulator.Build.0 = Release|Any CPU
	EndGlobalSection
	GlobalSection(SolutionProperties) = preSolution
		HideSolutionNode = FALSE
	EndGlobalSection
	GlobalSection(ExtensibilityGlobals) = postSolution
		SolutionGuid = {001151E7-47C1-486E-ACD3-A0AEE2148DBC}
	EndGlobalSection
EndGlobal
